case_base_image:
  agent_environment: case-env
  local_tag: ecosyncbench/cases/getsentry_sentry_javascript_sentry_wizard_4b79b8b29874/case-base:deps-env
  base_case_image: ecosyncbench/base/node-getsentry:22
  dependency_images_referenced_by_task:
  - ecosyncbench/base/node-getsentry:22
  release_status: not_published
  release_tag: ghcr.io/code-tmp/wideswe/cases/getsentry_sentry_javascript_sentry_wizard_4b79b8b29874/case-base:deps-env
  local_image_id: sha256:662677655cebe07be073747358b55c349f6c24a62042c7b7c54da1d5556c288e
  size_bytes: 1733359664
generated_at_unix: 1787808906
