case_base_image:
  agent_environment: case-env
  local_tag: ecosyncbench/cases/ipfs_boxo_kubo_511d9bbf5b36/case-base:deps-env
  base_case_image: ecosyncbench/deps/ipfs-boxo-go:511d9bbf5b36
  dependency_images_referenced_by_task:
  - ecosyncbench/deps/ipfs-boxo-go:511d9bbf5b36
  - ecosyncbench/deps/ipfs-kubo-go:511d9bbf5b36
  - ecosyncbench/base/go:1.26-bookworm
  release_status: not_published
  release_tag: ghcr.io/code-tmp/wideswe/cases/ipfs_boxo_kubo_511d9bbf5b36/case-base:deps-env
  local_image_id: sha256:7a779ac536c3d270f81d5c24aaee6011d9c063f0a51e6def3660ed2df1c2a7df
  size_bytes: 1870282281
generated_at_unix: 1787820192
