case_base_image:
  agent_environment: case-env
  local_tag: ecosyncbench/cases/elastic_elasticsearch_kibana_d64c23936ecd/case-base:deps-env
  base_case_image: ecosyncbench/base/elastic-java:21
  dependency_images_referenced_by_task:
  - ecosyncbench/base/elastic-java:21
  - ecosyncbench/base/elastic-node:22.16.0
  - ecosyncbench/base/node:22-bookworm
  release_status: not_published
  release_tag: ghcr.io/code-tmp/wideswe/cases/elastic_elasticsearch_kibana_d64c23936ecd/case-base:deps-env
  local_image_id: sha256:48aaba6cac3ed0b8a8a417d092e311a294e8761f0cb7a1a515684d7308d9e229
  size_bytes: 1905612250
generated_at_unix: 1787791793
