case_base_image:
  agent_environment: case-env
  local_tag: ecosyncbench/cases/getsentry_sentry_taskbroker_aa1864a8febd/case-base:deps-env
  base_case_image: ecosyncbench/deps/getsentry-taskbroker-rust-py311:aa1864a8febd
  dependency_images_referenced_by_task:
  - ecosyncbench/deps/getsentry-sentry-py313:aa1864a8febd
  - ecosyncbench/deps/getsentry-taskbroker-rust-py311:aa1864a8febd
  release_status: not_published
  release_tag: ghcr.io/code-tmp/wideswe/cases/getsentry_sentry_taskbroker_aa1864a8febd/case-base:deps-env
  local_image_id: sha256:e8d3155d03daa60bfdd8abc02b91e700312d555c02f420b31625259dfec61cd4
  size_bytes: 1973735884
generated_at_unix: 1787813527
