case_base_image:
  agent_environment: case-env
  local_tag: ecosyncbench/cases/prometheus_opentelemetry_collector_bridge_prometheus_opentelemetry_collector_0afb6616d4c3/case-base:deps-env
  base_case_image: ecosyncbench/base/go:1.25-bookworm
  dependency_images_referenced_by_task:
  - ecosyncbench/base/go:1.25-bookworm
  release_status: not_published
  release_tag: ghcr.io/code-tmp/wideswe/cases/prometheus_opentelemetry_collector_bridge_prometheus_opentelemetry_collector_0afb6616d4c3/case-base:deps-env
  local_image_id: sha256:1351ff17e81e36450031e78990bd7088ed7c1fa8ad060f12889565a0766c5925
  size_bytes: 809762217
generated_at_unix: 1787836794
