case_base_image:
  agent_environment: case-env
  local_tag: ecosyncbench/cases/rust_lang_cargo_rustup_983bca136493/case-base:deps-env
  base_case_image: ecosyncbench/base/base-rust:1.94.1
  dependency_images_referenced_by_task:
  - ecosyncbench/base/base-rust:1.94.1
  - ecosyncbench/base/rust:1.89-bookworm
  release_status: not_published
  release_tag: ghcr.io/code-tmp/wideswe/cases/rust_lang_cargo_rustup_983bca136493/case-base:deps-env
  local_image_id: sha256:e029cac87085318d2080eba02711317bb7a8dab986932feb7df3ef5421829433
  size_bytes: 2179558102
generated_at_unix: 1787840233
