case_base_image:
  agent_environment: case-env
  local_tag: ecosyncbench/cases/elastic_eui_kibana_a409bb9a7116/case-base:deps-env
  base_case_image: ecosyncbench/base/elastic-node:22.21.1
  dependency_images_referenced_by_task:
  - ecosyncbench/base/elastic-node:22.21.1
  - ecosyncbench/base/elastic-node:22.22.0
  - ecosyncbench/base/node:22-bookworm
  release_status: not_published
  release_tag: ghcr.io/code-tmp/wideswe/cases/elastic_eui_kibana_a409bb9a7116/case-base:deps-env
  local_image_id: sha256:c61ec9c9984081552096794ea2984fe2421ca2a0a4fc20aa6106e8c42e9e1854
  size_bytes: 3954798101
generated_at_unix: 1787795825
