case_base_image:
  agent_environment: case-env
  local_tag: ecosyncbench/cases/ipfs_boxo_kubo_97117932efd2/case-base:deps-env
  base_case_image: ecosyncbench/base/go:1.25-bookworm
  dependency_images_referenced_by_task:
  - ecosyncbench/base/go:1.25-bookworm
  release_status: not_published
  release_tag: ghcr.io/code-tmp/wideswe/cases/ipfs_boxo_kubo_97117932efd2/case-base:deps-env
  local_image_id: sha256:d4bb0371546e42f80532fe37be5afe63d309ee3d526725153492edf5d767c885
  size_bytes: 809761959
generated_at_unix: 1787821232
