case_base_image:
  agent_environment: case-env
  local_tag: ecosyncbench/cases/huggingface_huggingface_hub_xet_core_ca639219c2b5/case-base:deps-env
  base_case_image: ecosyncbench/deps/huggingface-xet:ca639219c2b5
  dependency_images_referenced_by_task:
  - ecosyncbench/deps/huggingface-xet:ca639219c2b5
  release_status: not_published
  release_tag: ghcr.io/code-tmp/wideswe/cases/huggingface_huggingface_hub_xet_core_ca639219c2b5/case-base:deps-env
  local_image_id: sha256:9edc7346d7b113e2f8ef268d0d174e9e8e3302731b01938924c672daa5ec7bb6
  size_bytes: 1681239187
generated_at_unix: 1787817416
