case_base_image:
  agent_environment: case-env
  local_tag: ecosyncbench/cases/getsentry_sentry_php_sentry_symfony_644beab4fee8/case-base:deps-env
  base_case_image: ecosyncbench/deps/getsentry-php-symfony-laravel-logs:644beab4fee8
  dependency_images_referenced_by_task:
  - ecosyncbench/deps/getsentry-php-symfony-laravel-logs:644beab4fee8
  release_status: not_published
  release_tag: ghcr.io/code-tmp/wideswe/cases/getsentry_sentry_php_sentry_symfony_644beab4fee8/case-base:deps-env
  local_image_id: sha256:f4c5594d653b90aa991dde5f45964a72934e33554c9e562d5cdaaa5db448be25
  size_bytes: 674074092
generated_at_unix: 1787809632
