case_base_image:
  agent_environment: case-env
  local_tag: ecosyncbench/cases/nextcloud_server_spreed_60fe1d053017/case-base:deps-env
  base_case_image: ecosyncbench/deps/nextcloud-php:8.4-gd-apcu-v1
  dependency_images_referenced_by_task:
  - ecosyncbench/deps/nextcloud-php:8.4-gd-apcu-v1
  release_status: not_published
  release_tag: ghcr.io/code-tmp/wideswe/cases/nextcloud_server_spreed_60fe1d053017/case-base:deps-env
  local_image_id: sha256:69320b52502da0d6298dd4daa04e7c8fdc06c7de9c3fd9157f7d23851ffe8255
  size_bytes: 705156646
generated_at_unix: 1787833245
