case_base_image:
  agent_environment: case-env
  local_tag: ecosyncbench/cases/getsentry_sentry_snuba_811c8706e249/case-base:deps-env
  base_case_image: ecosyncbench/deps/getsentry-snuba-py313:811c8706e249-v2
  dependency_images_referenced_by_task:
  - ecosyncbench/deps/getsentry-sentry-py313:156299b1e2cd
  - ecosyncbench/deps/getsentry-snuba-py313:811c8706e249-v2
  release_status: not_published
  release_tag: ghcr.io/code-tmp/wideswe/cases/getsentry_sentry_snuba_811c8706e249/case-base:deps-env
  local_image_id: sha256:9b976a642e52cb46ab3859fcf6180122644f9ae8df96ee924af9dc8d5df1e6b3
  size_bytes: 1639561836
generated_at_unix: 1787812297
