case_base_image:
  agent_environment: case-env
  local_tag: ecosyncbench/cases/kubernetes_kube_openapi_kubernetes_3ba39b608c20/case-base:deps-env
  base_case_image: ecosyncbench/base/go:1.26-bookworm
  dependency_images_referenced_by_task:
  - ecosyncbench/base/go:1.26-bookworm
  release_status: not_published
  release_tag: ghcr.io/code-tmp/wideswe/cases/kubernetes_kube_openapi_kubernetes_3ba39b608c20/case-base:deps-env
  local_image_id: sha256:b6fec3eaa744c977954d3b4ac659ece04981581f7e4c3ae3bdf71c37b6f185b5
  size_bytes: 835892901
generated_at_unix: 1787825323
