case_base_image:
  agent_environment: case-env
  local_tag: ecosyncbench/cases/apollographql_apollo_rs_router_5d0be62a688a/case-base:deps-env
  base_case_image: ecosyncbench/base/rust:1.95-bookworm
  dependency_images_referenced_by_task:
  - ecosyncbench/base/rust:1.95-bookworm
  release_status: not_published
  release_tag: ghcr.io/code-tmp/wideswe/cases/apollographql_apollo_rs_router_5d0be62a688a/case-base:deps-env
  local_image_id: sha256:00ef3e5f156a5da7978146bd0e1c1255ef47663a99b7c0f46b3c8a41d6f3583f
  size_bytes: 1630615210
generated_at_unix: 1787768184
