case_base_image:
  agent_environment: case-env
  local_tag: ecosyncbench/cases/prettier_prettier_yaml_unist_parser_783b01db77e9/case-base:deps-env
  base_case_image: ecosyncbench/base/prettier-node:24
  dependency_images_referenced_by_task:
  - ecosyncbench/base/prettier-node:24
  release_status: not_published
  release_tag: ghcr.io/code-tmp/wideswe/cases/prettier_prettier_yaml_unist_parser_783b01db77e9/case-base:deps-env
  local_image_id: sha256:c84262ac61fb796d3fb5a9b9c1c23a280e4f975e1b4576c8bcda662df92619be
  size_bytes: 1737016719
generated_at_unix: 1787835023
