case_base_image:
  agent_environment: case-env
  local_tag: ecosyncbench/cases/paddlepaddle_paconvert_paddle_d3f5712cbcf6/case-base:deps-env
  base_case_image: ecosyncbench/deps/paddle-paconvert-py312:d3f5712cbcf6
  dependency_images_referenced_by_task:
  - ecosyncbench/deps/paddle-paconvert-py312:d3f5712cbcf6
  release_status: not_published
  release_tag: ghcr.io/code-tmp/wideswe/cases/paddlepaddle_paconvert_paddle_d3f5712cbcf6/case-base:deps-env
  local_image_id: sha256:c7bf76dd6efbe932f14ca6512946c8c6c0ab46b975e4b0e54236f990f7c783a3
  size_bytes: 3172429835
generated_at_unix: 1787834236
