case_base_image:
  agent_environment: case-env
  local_tag: ecosyncbench/cases/ipfs_boxo_kubo_75f413c3fb9f/case-base:deps-env
  base_case_image: ecosyncbench/deps/ipfs-boxo-go:75f413c3fb9f
  dependency_images_referenced_by_task:
  - ecosyncbench/deps/ipfs-boxo-go:75f413c3fb9f
  - ecosyncbench/deps/ipfs-kubo-go:75f413c3fb9f
  - ecosyncbench/base/go:1.26-bookworm
  release_status: not_published
  release_tag: ghcr.io/code-tmp/wideswe/cases/ipfs_boxo_kubo_75f413c3fb9f/case-base:deps-env
  local_image_id: sha256:8bde5131b57c55eb7916055efd45da28a80fb8211264b5bf481ed18ed7f169bf
  size_bytes: 1819425712
generated_at_unix: 1787820488
