case_base_image:
  agent_environment: case-env
  local_tag: ecosyncbench/cases/vuejs_core_language_tools_83dc40e0a7e7/case-base:deps-env
  base_case_image: ecosyncbench/base/node-vue:22-pnpm11-all
  dependency_images_referenced_by_task:
  - ecosyncbench/base/node-vue:22-pnpm11-all
  release_status: not_published
  release_tag: ghcr.io/code-tmp/wideswe/cases/vuejs_core_language_tools_83dc40e0a7e7/case-base:deps-env
  local_image_id: sha256:cbd6da898dabba84c9f425d23ed347d0397c5470737e717afa3b244b4088d75a
  size_bytes: 1786961048
generated_at_unix: 1787847612
