case_base_image:
  agent_environment: case-env
  local_tag: ecosyncbench/cases/mui_base_ui_material_ui_87e16da977ce/case-base:deps-env
  base_case_image: ecosyncbench/deps/mui-base-ui-material-ui-node:87e16da977ce-chromium
  dependency_images_referenced_by_task:
  - ecosyncbench/deps/mui-base-ui-material-ui-node:87e16da977ce-chromium
  release_status: not_published
  release_tag: ghcr.io/code-tmp/wideswe/cases/mui_base_ui_material_ui_87e16da977ce/case-base:deps-env
  local_image_id: sha256:52fb082828b8733f79fc19ad9432f54ad06b9c844c3abae1a63bf761729ac205
  size_bytes: 1764362551
generated_at_unix: 1787829399
