case_base_image:
  agent_environment: case-env
  local_tag: ecosyncbench/cases/mui_base_ui_material_ui_c52fe433d4ec/case-base:deps-env
  base_case_image: ecosyncbench/base/node:22-bookworm
  dependency_images_referenced_by_task:
  - ecosyncbench/base/node:22-bookworm
  release_status: not_published
  release_tag: ghcr.io/code-tmp/wideswe/cases/mui_base_ui_material_ui_c52fe433d4ec/case-base:deps-env
  local_image_id: sha256:0175df3dfb69a261f5dd35a666eafb072fffe4d1f471c72ffa0d2b1948a8d8c5
  size_bytes: 1733359616
generated_at_unix: 1787831375
