case_base_image:
  agent_environment: case-env
  local_tag: ecosyncbench/cases/expo_eas_cli_expo_73ff1270a757/case-base:deps-env
  base_case_image: ecosyncbench/base/node-expo:22
  dependency_images_referenced_by_task:
  - ecosyncbench/base/node-expo:22
  release_status: not_published
  release_tag: ghcr.io/code-tmp/wideswe/cases/expo_eas_cli_expo_73ff1270a757/case-base:deps-env
  local_image_id: sha256:d01a11f518425ebd1112c08588ff5df09c35cc0e9282068c014686e269ab2512
  size_bytes: 1733359549
generated_at_unix: 1787799306
