case_base_image:
  agent_environment: case-env
  local_tag: ecosyncbench/cases/laravel_framework_nightwatch_1471639d50d8/case-base:deps-env
  base_case_image: ecosyncbench/deps/laravel-framework-nightwatch:1471639d50d8
  dependency_images_referenced_by_task:
  - ecosyncbench/deps/laravel-framework-nightwatch:1471639d50d8
  release_status: not_published
  release_tag: ghcr.io/code-tmp/wideswe/cases/laravel_framework_nightwatch_1471639d50d8/case-base:deps-env
  local_image_id: sha256:a8bf00cb95fc7eac9a496a05c63f18f64622017546d2e7848ab92727812803be
  size_bytes: 706497926
generated_at_unix: 1787826719
