case_base_image:
  agent_environment: case-env
  local_tag: ecosyncbench/cases/mapbox_mcp_devkit_server_mcp_server_9b91dd7e7a54/case-base:deps-env
  base_case_image: ecosyncbench/base/node:22-bookworm
  dependency_images_referenced_by_task:
  - ecosyncbench/base/node:22-bookworm
  - ecosyncbench/deps/mapbox-mcp-devkit-server-npm:9b91dd7e7a54-node22
  - ecosyncbench/deps/mapbox-mcp-server-npm:9b91dd7e7a54-node22-shallow-full
  release_status: not_published
  release_tag: ghcr.io/code-tmp/wideswe/cases/mapbox_mcp_devkit_server_mcp_server_9b91dd7e7a54/case-base:deps-env
  local_image_id: sha256:5df7a320d87633b52bab027c1756154e89e449792afd5a60f0e97c7089ca3a2c
  size_bytes: 3830038908
generated_at_unix: 1787827919
