case_base_image:
  agent_environment: case-env
  local_tag: ecosyncbench/cases/home_assistant_core_supervisor_5ec0c95de28d/case-base:deps-env
  base_case_image: ecosyncbench/deps/home-assistant-core-py:4bf3a5b4bd96-paho
  dependency_images_referenced_by_task:
  - ecosyncbench/deps/home-assistant-core-py:4bf3a5b4bd96-paho
  - ecosyncbench/deps/home-assistant-supervisor-py:da800b888974
  - ecosyncbench/base/python:3.14-slim
  - ecosyncbench/base/python:3.13-slim
  release_status: not_published
  release_tag: ghcr.io/code-tmp/wideswe/cases/home_assistant_core_supervisor_5ec0c95de28d/case-base:deps-env
  local_image_id: sha256:660e45109afe0edfc087eda46294fb5fe033a6b2bb3cca86e8f0d11c0664b603
  size_bytes: 1110624186
generated_at_unix: 1787814922
