case_base_image:
  agent_environment: case-env
  local_tag: ecosyncbench/cases/redis_jedis_redis_87d94ea7e2d2/case-base:deps-env
  base_case_image: ecosyncbench/deps/redis-jedis-streams:87d94ea7e2d2
  dependency_images_referenced_by_task:
  - ecosyncbench/deps/redis-jedis-streams:87d94ea7e2d2
  - ecosyncbench/base/java-maven:17-bookworm
  release_status: not_published
  release_tag: ghcr.io/code-tmp/wideswe/cases/redis_jedis_redis_87d94ea7e2d2/case-base:deps-env
  local_image_id: sha256:0476b80302453ebc06575e348e930b10a069632cced7fe69d440079d89f5e2e1
  size_bytes: 1107850843
generated_at_unix: 1787838598
