case_base_image:
  agent_environment: case-env
  local_tag: ecosyncbench/cases/ansible_django_ansible_base_jewel_9b9d317bd70a/case-base:deps-env
  base_case_image: ecosyncbench/base/ansible-django-py:3.12
  dependency_images_referenced_by_task:
  - ecosyncbench/base/ansible-django-py:3.12
  - ecosyncbench/base/python:3.12-uv
  release_status: not_published
  release_tag: ghcr.io/code-tmp/wideswe/cases/ansible_django_ansible_base_jewel_9b9d317bd70a/case-base:deps-env
  local_image_id: sha256:7bb0a94c87455e49d588274e3edfabc3751b9c99617a8845a0dd9d9b6ae0ab48
  size_bytes: 1729661254
generated_at_unix: 1787767363
