case_base_image:
  agent_environment: case-env
  local_tag: ecosyncbench/cases/elastic_elasticsearch_kibana_d545faafec14/case-base:deps-env
  base_case_image: ecosyncbench/base/elastic-java:21
  dependency_images_referenced_by_task:
  - ecosyncbench/base/elastic-java:21
  - ecosyncbench/base/elastic-kibana-node:22.17.1
  - ecosyncbench/base/node:22-bookworm
  release_status: not_published
  release_tag: ghcr.io/code-tmp/wideswe/cases/elastic_elasticsearch_kibana_d545faafec14/case-base:deps-env
  local_image_id: sha256:d2ca7c304daddd701baf73328994d34c4f98250cbb65a1e5c14be514c5bb2d47
  size_bytes: 1905822564
generated_at_unix: 1787790626
