case_base_image:
  agent_environment: case-env
  local_tag: ecosyncbench/cases/projectdiscovery_dnsx_utils_ae3ee347579a/case-base:deps-env
  base_case_image: ecosyncbench/base/go:1.26-bookworm
  dependency_images_referenced_by_task:
  - ecosyncbench/base/go:1.26-bookworm
  release_status: not_published
  release_tag: ghcr.io/code-tmp/wideswe/cases/projectdiscovery_dnsx_utils_ae3ee347579a/case-base:deps-env
  local_image_id: sha256:4e020d7474498ddf4fbf63f545b0b64d7403cefa6ea89d6a87a4eedda95e60cf
  size_bytes: 835892899
generated_at_unix: 1787836536
