case_base_image:
  agent_environment: case-env
  local_tag: ecosyncbench/cases/elastic_kibana_package_spec_6d8e6ac7b3a4/case-base:deps-env
  base_case_image: ecosyncbench/base/elastic-node:22.22.0
  dependency_images_referenced_by_task:
  - ecosyncbench/base/elastic-node:22.22.0
  - ecosyncbench/base/go:1.26-bookworm
  - ecosyncbench/base/node:22-bookworm
  release_status: not_published
  release_tag: ghcr.io/code-tmp/wideswe/cases/elastic_kibana_package_spec_6d8e6ac7b3a4/case-base:deps-env
  local_image_id: sha256:80d47b5dd6c2bd8793c77b7754b3a604b49379a897e682588e9bd429a050664b
  size_bytes: 3527133104
generated_at_unix: 1787797555
