case_base_image:
  agent_environment: case-env
  local_tag: ecosyncbench/cases/huggingface_diffusers_peft_228aeaf4924e/case-base:deps-env
  base_case_image: ecosyncbench/deps/huggingface-diffusers-peft:228aeaf4924e
  dependency_images_referenced_by_task:
  - ecosyncbench/deps/huggingface-diffusers-peft:228aeaf4924e
  release_status: not_published
  release_tag: ghcr.io/code-tmp/wideswe/cases/huggingface_diffusers_peft_228aeaf4924e/case-base:deps-env
  local_image_id: sha256:0d165a412dfd8efe0ea8c511327e94d48df48881dce25253d648d7bed665a35f
  size_bytes: 2533600694
generated_at_unix: 1787815933
