case_base_image:
  agent_environment: case-env
  local_tag: ecosyncbench/cases/elastic_beats_integrations_7d6ebc81c77c/case-base:deps-env
  base_case_image: ecosyncbench/deps/elastic-integrations-policy:7d6ebc81c77c
  dependency_images_referenced_by_task:
  - ecosyncbench/base/go:1.26-bookworm
  - ecosyncbench/deps/elastic-integrations-policy:7d6ebc81c77c
  release_status: not_published
  release_tag: ghcr.io/code-tmp/wideswe/cases/elastic_beats_integrations_7d6ebc81c77c/case-base:deps-env
  local_image_id: sha256:98c6855fe459beb490c4c65f986c143c4cd7afae1e03d26952f74a6a1758a6bf
  size_bytes: 1348838488
generated_at_unix: 1787775271
