case_base_image:
  agent_environment: case-env
  local_tag: ecosyncbench/cases/elastic_kibana_package_spec_264fe9f9020d/case-base:deps-env
  base_case_image: ecosyncbench/base/elastic-node:22.22.0
  dependency_images_referenced_by_task:
  - ecosyncbench/base/elastic-node:22.22.0
  - ecosyncbench/base/go:1.26-bookworm
  - ecosyncbench/base/node:22-bookworm
  release_status: not_published
  release_tag: ghcr.io/code-tmp/wideswe/cases/elastic_kibana_package_spec_264fe9f9020d/case-base:deps-env
  local_image_id: sha256:29b80d284802b56f481ec9bd4b27895da9a9c6b0540e6f13ce6abcd8b8510878
  size_bytes: 3527133104
generated_at_unix: 1787796485
