case_base_image:
  agent_environment: case-env
  local_tag: ecosyncbench/cases/getsentry_sentry_go_sentry_python_sentry_ruby_4085507dc55a/case-base:deps-env
  base_case_image: ecosyncbench/base/go:1.26-bookworm
  dependency_images_referenced_by_task:
  - ecosyncbench/base/go:1.26-bookworm
  - ecosyncbench/deps/getsentry-sentry-python-py310:4085507dc55a
  - ecosyncbench/deps/getsentry-sentry-ruby:4085507dc55a
  release_status: not_published
  release_tag: ghcr.io/code-tmp/wideswe/cases/getsentry_sentry_go_sentry_python_sentry_ruby_4085507dc55a/case-base:deps-env
  local_image_id: sha256:bce56cdf520713bec8105e61568c6b6ab798dfbcc28eb40090dd9715376cbccf
  size_bytes: 1059716306
generated_at_unix: 1787805237
