case_base_image:
  agent_environment: case-env
  local_tag: ecosyncbench/cases/ansible_automation_reports_metrics_service_e6fa7bc7aec0/case-base:deps-env
  base_case_image: ecosyncbench/deps/ansible-aap-cost-py:e6fa7bc7aec0
  dependency_images_referenced_by_task:
  - ecosyncbench/deps/ansible-aap-cost-py:e6fa7bc7aec0
  release_status: not_published
  release_tag: ghcr.io/code-tmp/wideswe/cases/ansible_automation_reports_metrics_service_e6fa7bc7aec0/case-base:deps-env
  local_image_id: sha256:0158175914bd84a93d4fa1ba6eb7e38561e03140673054cb55f5ea9fa9f0fbc4
  size_bytes: 1614994126
generated_at_unix: 1787766296
