case_base_image:
  agent_environment: case-env
  local_tag: ecosyncbench/cases/elastic_beats_elastic_agent_libs_caea539132d1/case-base:deps-env
  base_case_image: ecosyncbench/base/go:1.26-bookworm
  dependency_images_referenced_by_task:
  - ecosyncbench/base/go:1.26-bookworm
  release_status: not_published
  release_tag: ghcr.io/code-tmp/wideswe/cases/elastic_beats_elastic_agent_libs_caea539132d1/case-base:deps-env
  local_image_id: sha256:f8e766163689b79e3d9ca7df80f3369d2f3e2a9e48e3b41fe7226e52d69ef006
  size_bytes: 835892552
generated_at_unix: 1787774814
