case_base_image:
  agent_environment: case-env
  local_tag: ecosyncbench/cases/laravel_ranger_wayfinder_edeefe8ce0f9/case-base:deps-env
  base_case_image: ecosyncbench/deps/laravel-ranger-wayfinder:edeefe8ce0f9
  dependency_images_referenced_by_task:
  - ecosyncbench/deps/laravel-ranger-wayfinder:edeefe8ce0f9
  release_status: not_published
  release_tag: ghcr.io/code-tmp/wideswe/cases/laravel_ranger_wayfinder_edeefe8ce0f9/case-base:deps-env
  local_image_id: sha256:568db673d06b5087284168c74b79fc7bc4426f5298be4360285ee56e9878f761
  size_bytes: 877451469
generated_at_unix: 1787827474
