case_base_image:
  agent_environment: case-env
  local_tag: ecosyncbench/cases/laravel_ranger_wayfinder_da8302217ef2/case-base:deps-env
  base_case_image: ecosyncbench/deps/laravel-ranger-wayfinder:da8302217ef2
  dependency_images_referenced_by_task:
  - ecosyncbench/deps/laravel-ranger-wayfinder:da8302217ef2
  release_status: not_published
  release_tag: ghcr.io/code-tmp/wideswe/cases/laravel_ranger_wayfinder_da8302217ef2/case-base:deps-env
  local_image_id: sha256:bec90f35fad79f94f4aec1d6f7eb99afdc396b1602d62dc29a2b710f22d76760
  size_bytes: 877450263
generated_at_unix: 1787827272
