case_base_image:
  agent_environment: case-env
  local_tag: ecosyncbench/cases/laravel_ranger_wayfinder_f568d3c78ed2/case-base:deps-env
  base_case_image: ecosyncbench/deps/laravel-ranger-wayfinder:f568d3c78ed2
  dependency_images_referenced_by_task:
  - ecosyncbench/deps/laravel-ranger-wayfinder:f568d3c78ed2
  release_status: not_published
  release_tag: ghcr.io/code-tmp/wideswe/cases/laravel_ranger_wayfinder_f568d3c78ed2/case-base:deps-env
  local_image_id: sha256:08b3a1ea3a2ff9ae4a210814031e5dfff87e1e64e350bfbfb9f9234c1ac0b7b4
  size_bytes: 877450254
generated_at_unix: 1787827694
