case_base_image:
  agent_environment: case-env
  local_tag: ecosyncbench/cases/doctrine_doctrinemongodbbundle_mongodb_odm_persistence_4b8bd06bc1c5/case-base:deps-env
  base_case_image: ecosyncbench/deps/doctrine-php84-mongodb:4b8bd06bc1c5
  dependency_images_referenced_by_task:
  - ecosyncbench/base/php-composer-bcmath:8.4
  - ecosyncbench/deps/doctrine-php84-mongodb:4b8bd06bc1c5
  release_status: not_published
  release_tag: ghcr.io/code-tmp/wideswe/cases/doctrine_doctrinemongodbbundle_mongodb_odm_persistence_4b8bd06bc1c5/case-base:deps-env
  local_image_id: sha256:761a01e1cb407c165e4d31e5e95e44e6cbda808cb0aaf7105b1710447849dc4f
  size_bytes: 943704612
generated_at_unix: 1787769656
