case_base_image:
  agent_environment: case-env
  local_tag: ecosyncbench/cases/sveltejs_esrap_svelte_4161e71a0191/case-base:deps-env
  base_case_image: ecosyncbench/base/node:22-bookworm
  dependency_images_referenced_by_task:
  - ecosyncbench/base/node:22-bookworm
  - ecosyncbench/deps/sveltejs-esrap-pnpm:4161e71a0191
  - ecosyncbench/deps/sveltejs-svelte-pnpm:4161e71a0191
  release_status: not_published
  release_tag: ghcr.io/code-tmp/wideswe/cases/sveltejs_esrap_svelte_4161e71a0191/case-base:deps-env
  local_image_id: sha256:749fa11da15f9acc1540fbc45b25486a4f9e700e5b1550103c840c70edaa91bc
  size_bytes: 3345098538
generated_at_unix: 1787842717
