case_base_image:
  agent_environment: case-env
  local_tag: ecosyncbench/cases/ipfs_boxo_kubo_4508fc5f72a1/case-base:deps-env
  base_case_image: ecosyncbench/deps/ipfs-boxo-go:4508fc5f72a1
  dependency_images_referenced_by_task:
  - ecosyncbench/deps/ipfs-boxo-go:4508fc5f72a1
  - ecosyncbench/deps/ipfs-kubo-go:4508fc5f72a1
  - ecosyncbench/base/go:1.26-bookworm
  release_status: not_published
  release_tag: ghcr.io/code-tmp/wideswe/cases/ipfs_boxo_kubo_4508fc5f72a1/case-base:deps-env
  local_image_id: sha256:a59177677189e456aaa525daac1b3392c1610fa1f35a41e6d55befde7b7c6f28
  size_bytes: 1815078915
generated_at_unix: 1787819918
