case_base_image:
  agent_environment: case-env
  local_tag: ecosyncbench/cases/symfony_symfony_ux_9cfba5a7ef9f/case-base:deps-env
  base_case_image: ecosyncbench/deps/symfony-framework-composer:e0cc934437d8
  dependency_images_referenced_by_task:
  - ecosyncbench/deps/symfony-framework-composer:e0cc934437d8
  - ecosyncbench/deps/symfony-ux-twig-component-composer:aa8fbe407748
  - ecosyncbench/deps/symfony-twig-composer:ecb310e129f5
  - ecosyncbench/base/php-composer:8.4
  release_status: not_published
  release_tag: ghcr.io/code-tmp/wideswe/cases/symfony_symfony_ux_9cfba5a7ef9f/case-base:deps-env
  local_image_id: sha256:1de3420e3b8e29df1d07594824a45498fc1c01e85c5bc074211818b075cbc42a
  size_bytes: 1652387954
generated_at_unix: 1787847215
