case_base_image:
  agent_environment: case-env
  local_tag: ecosyncbench/cases/getsentry_sentry_cli_sentry_dart_plugin_bba43bc00fb9/case-base:deps-env
  base_case_image: ecosyncbench/deps/getsentry-rust-dart:bba43bc00fb9
  dependency_images_referenced_by_task:
  - ecosyncbench/deps/getsentry-rust-dart:bba43bc00fb9
  release_status: not_published
  release_tag: ghcr.io/code-tmp/wideswe/cases/getsentry_sentry_cli_sentry_dart_plugin_bba43bc00fb9/case-base:deps-env
  local_image_id: sha256:fd80fa6105cfa7b080afd0032a20e505ab59a06a2c81ee883c265d4ac5d2b543
  size_bytes: 3533552489
generated_at_unix: 1787804367
