case_base_image:
  agent_environment: case-env
  local_tag: ecosyncbench/cases/elastic_eui_kibana_5d1f02596a0f/case-base:deps-env
  base_case_image: ecosyncbench/base/elastic-node:22.21.1
  dependency_images_referenced_by_task:
  - ecosyncbench/base/elastic-node:22.21.1
  - ecosyncbench/base/elastic-node:22.22.0
  - ecosyncbench/base/node:22-bookworm
  release_status: not_published
  release_tag: ghcr.io/code-tmp/wideswe/cases/elastic_eui_kibana_5d1f02596a0f/case-base:deps-env
  local_image_id: sha256:bcb24e73039e5f4dc6019446efd40696ed4029849e49f61180531ab4ebe15a26
  size_bytes: 3954798101
generated_at_unix: 1787795059
