case_base_image:
  agent_environment: case-env
  local_tag: ecosyncbench/cases/elastic_elastic_transport_net_kibana_f176a87d6aaa/case-base:deps-env
  base_case_image: ecosyncbench/base/dotnet-sdk:10.0
  dependency_images_referenced_by_task:
  - ecosyncbench/base/dotnet-sdk:10.0
  - ecosyncbench/deps/elastic-cloudid-node:f176a87d6aaa
  release_status: not_published
  release_tag: ghcr.io/code-tmp/wideswe/cases/elastic_elastic_transport_net_kibana_f176a87d6aaa/case-base:deps-env
  local_image_id: sha256:b3876bd2d758e5bed8be25de1604890d7204c7268fbadc5a8f2615c22b6c8a0d
  size_bytes: 1502286128
generated_at_unix: 1787780336
