case_base_image:
  agent_environment: case-env
  local_tag: ecosyncbench/cases/langgenius_dify_graphon_98bb3070fc3a/case-base:deps-env
  base_case_image: ecosyncbench/base/python:3.12-uv
  dependency_images_referenced_by_task:
  - ecosyncbench/base/python:3.12-uv
  release_status: not_published
  release_tag: ghcr.io/code-tmp/wideswe/cases/langgenius_dify_graphon_98bb3070fc3a/case-base:deps-env
  local_image_id: sha256:2c7b6871008ed09926b68eecd346c7abc61254623be17a6723e0c8b593bb63f9
  size_bytes: 1211736081
generated_at_unix: 1787825604
