case_base_image:
  agent_environment: case-env
  local_tag: ecosyncbench/cases/getsentry_sentry_godot_sentry_native_9eb78fc734a5/case-base:deps-env
  base_case_image: ecosyncbench/deps/getsentry-sentry-native:9eb78fc734a5
  dependency_images_referenced_by_task:
  - ecosyncbench/deps/getsentry-sentry-godot:9eb78fc734a5
  - ecosyncbench/deps/getsentry-sentry-native:9eb78fc734a5
  release_status: not_published
  release_tag: ghcr.io/code-tmp/wideswe/cases/getsentry_sentry_godot_sentry_native_9eb78fc734a5/case-base:deps-env
  local_image_id: sha256:1090983dc8657d62990e593172f497f244f157a978e1746641d345c71b15ae0c
  size_bytes: 1619900063
generated_at_unix: 1787807050
