case_base_image:
  agent_environment: case-env
  local_tag: ecosyncbench/cases/mapbox_mcp_devkit_server_mcp_server_ca69b6fe7525/case-base:deps-env
  base_case_image: ecosyncbench/base/node:22-bookworm
  dependency_images_referenced_by_task:
  - ecosyncbench/base/node:22-bookworm
  release_status: not_published
  release_tag: ghcr.io/code-tmp/wideswe/cases/mapbox_mcp_devkit_server_mcp_server_ca69b6fe7525/case-base:deps-env
  local_image_id: sha256:0a382ae3ccd7d019e1fb765f0fc56ed9e8718d000eb15beb6e3bd60cb7cdf0dd
  size_bytes: 1733359646
generated_at_unix: 1787828081
