case_base_image:
  agent_environment: case-env
  local_tag: ecosyncbench/cases/dotnet_crank_diagnostics_89b6dd2c3afb/case-base:deps-env
  base_case_image: ecosyncbench/base/dotnet-sdk:10.0
  dependency_images_referenced_by_task:
  - ecosyncbench/base/dotnet-sdk:8.0
  - ecosyncbench/base/dotnet-sdk:10.0
  release_status: not_published
  release_tag: ghcr.io/code-tmp/wideswe/cases/dotnet_crank_diagnostics_89b6dd2c3afb/case-base:deps-env
  local_image_id: sha256:07238dacf7971ceaef0532a4014f3825fd86a67ca323c598e7eb6eb036ac847c
  size_bytes: 925206892
generated_at_unix: 1787770966
