case_base_image:
  agent_environment: case-env
  local_tag: ecosyncbench/cases/elastic_elasticsearch_kibana_f1db3c249d35/case-base:deps-env
  base_case_image: ecosyncbench/base/elastic-java:21
  dependency_images_referenced_by_task:
  - ecosyncbench/base/elastic-java:21
  - ecosyncbench/base/elastic-node:24.14.1
  release_status: not_published
  release_tag: ghcr.io/code-tmp/wideswe/cases/elastic_elasticsearch_kibana_f1db3c249d35/case-base:deps-env
  local_image_id: sha256:ae60bd1edeca3a19b25a4526b92c5fca10d427db04775762fe2d597dcf0681e2
  size_bytes: 1243718803
generated_at_unix: 1787793139
