case_base_image:
  agent_environment: case-env
  local_tag: ecosyncbench/cases/jenkinsci_mcp_server_plugin_warnings_ng_plugin_ff9a04d18a82/case-base:deps-env
  base_case_image: ecosyncbench/base/java-maven:21-ubuntu
  dependency_images_referenced_by_task:
  - ecosyncbench/base/java-maven:21-ubuntu
  release_status: not_published
  release_tag: ghcr.io/code-tmp/wideswe/cases/jenkinsci_mcp_server_plugin_warnings_ng_plugin_ff9a04d18a82/case-base:deps-env
  local_image_id: sha256:766962615a3cf06f2e8b5ffd1bc130b7f561ece68d4f6b9440de5764a5ab45c9
  size_bytes: 855607618
generated_at_unix: 1787822991
