case_base_image:
  agent_environment: case-env
  local_tag: ecosyncbench/cases/django_asgiref_django_ce878fef1ed0/case-base:deps-env
  base_case_image: ecosyncbench/deps/django-asgiref-django:ce878fef1ed0
  dependency_images_referenced_by_task:
  - ecosyncbench/deps/django-asgiref-django:ce878fef1ed0
  - ecosyncbench/base/python:3.13-slim
  release_status: not_published
  release_tag: ghcr.io/code-tmp/wideswe/cases/django_asgiref_django_ce878fef1ed0/case-base:deps-env
  local_image_id: sha256:3f4fb36ca6e677705840ce0d13f299d2738a90508ae516cbae64165c7536aef3
  size_bytes: 459522048
generated_at_unix: 1787769156
