case_base_image:
  agent_environment: case-env
  local_tag: ecosyncbench/cases/laravel_ai_mcp_3c12f99a9edf/case-base:deps-env
  base_case_image: ecosyncbench/base/php-composer:8.4
  dependency_images_referenced_by_task:
  - ecosyncbench/base/php-composer:8.4
  release_status: not_published
  release_tag: ghcr.io/code-tmp/wideswe/cases/laravel_ai_mcp_3c12f99a9edf/case-base:deps-env
  local_image_id: sha256:0ba2be2fc1b02c4898ecb18dce165b6ca3b636e508be59e0486ce2c470356c1c
  size_bytes: 674059489
generated_at_unix: 1787826107
