case_base_image:
  agent_environment: case-env
  local_tag: ecosyncbench/cases/elastic_elasticsearch_js_kibana_2c333c534b80/case-base:deps-env
  base_case_image: ecosyncbench/base/elastic-node:22.22.0
  dependency_images_referenced_by_task:
  - ecosyncbench/base/elastic-node:22.22.0
  - ecosyncbench/base/node:22-bookworm
  release_status: not_published
  release_tag: ghcr.io/code-tmp/wideswe/cases/elastic_elasticsearch_js_kibana_2c333c534b80/case-base:deps-env
  local_image_id: sha256:e0cdb9740b469cee9ebdf278b6923a21880738aa381359e8c4804e261e826afb
  size_bytes: 3294625066
generated_at_unix: 1787781052
