case_base_image:
  agent_environment: case-env
  local_tag: ecosyncbench/cases/expo_expo_expo_mcp_22d065519f9a/case-base:deps-env
  base_case_image: ecosyncbench/deps/expo-node-bun:22-bun1.3
  dependency_images_referenced_by_task:
  - ecosyncbench/deps/expo-node-bun:22-bun1.3
  release_status: not_published
  release_tag: ghcr.io/code-tmp/wideswe/cases/expo_expo_expo_mcp_22d065519f9a/case-base:deps-env
  local_image_id: sha256:f436b98792970d3c9c7b9d815731f2b5090de0c765fd3c19bff956708f80e7d2
  size_bytes: 2291451260
generated_at_unix: 1787799857
