case_base_image:
  agent_environment: case-env
  local_tag: ecosyncbench/cases/kubernetes_autoscaler_kubernetes_ced4125b7730/case-base:deps-env
  base_case_image: ecosyncbench/base/go:1.26-bookworm
  dependency_images_referenced_by_task:
  - ecosyncbench/base/go:1.26-bookworm
  release_status: not_published
  release_tag: ghcr.io/code-tmp/wideswe/cases/kubernetes_autoscaler_kubernetes_ced4125b7730/case-base:deps-env
  local_image_id: sha256:6ef66e1e702ca53dcd0c30a768b856dbeb913a55700f160e773f2276ce1f668a
  size_bytes: 835892955
generated_at_unix: 1787824775
