case_base_image:
  agent_environment: case-env
  local_tag: ecosyncbench/cases/elastic_eui_kibana_0417e3dc07a3/case-base:deps-env
  base_case_image: ecosyncbench/base/elastic-node:22.22.0
  dependency_images_referenced_by_task:
  - ecosyncbench/base/elastic-node:22.22.0
  - ecosyncbench/base/node:22-bookworm
  release_status: not_published
  release_tag: ghcr.io/code-tmp/wideswe/cases/elastic_eui_kibana_0417e3dc07a3/case-base:deps-env
  local_image_id: sha256:3f5e4d360f6d85b294aebddc530645938efeb1d175435887d8c42c84935eb930
  size_bytes: 3294625040
generated_at_unix: 1787794067
