case_base_image:
  agent_environment: case-env
  local_tag: ecosyncbench/cases/nextcloud_calendar_cdav_library_server_94d9fb52437f/case-base:deps-env
  base_case_image: ecosyncbench/deps/nextcloud-php:8.4-gd-apcu-v1
  dependency_images_referenced_by_task:
  - ecosyncbench/base/node:24-bookworm
  - ecosyncbench/deps/nextcloud-php:8.4-gd-apcu-v1
  release_status: not_published
  release_tag: ghcr.io/code-tmp/wideswe/cases/nextcloud_calendar_cdav_library_server_94d9fb52437f/case-base:deps-env
  local_image_id: sha256:c1b5256d88213ec502780fccbd19f41e158010480cf778470430c961e7d2ba99
  size_bytes: 1370634562
generated_at_unix: 1787833238
