case_base_image:
  agent_environment: case-env
  local_tag: ecosyncbench/cases/docker_actions_toolkit_metadata_action_8c65d8d37a2e/case-base:deps-env
  base_case_image: ecosyncbench/base/node:22-bookworm
  dependency_images_referenced_by_task:
  - ecosyncbench/base/node:22-bookworm
  release_status: not_published
  release_tag: ghcr.io/code-tmp/wideswe/cases/docker_actions_toolkit_metadata_action_8c65d8d37a2e/case-base:deps-env
  local_image_id: sha256:3b9f5b4be9f8f76e1727039e89a91a3c74155b67dce4912442b5436158a1b509
  size_bytes: 1733356338
generated_at_unix: 1787769393
