case_base_image:
  agent_environment: case-env
  local_tag: ecosyncbench/cases/elastic_elastic_agent_fleet_server_6b3b072a9e2f/case-base:deps-env
  base_case_image: ecosyncbench/base/go:1.26-bookworm
  dependency_images_referenced_by_task:
  - ecosyncbench/base/go:1.26-bookworm
  release_status: not_published
  release_tag: ghcr.io/code-tmp/wideswe/cases/elastic_elastic_agent_fleet_server_6b3b072a9e2f/case-base:deps-env
  local_image_id: sha256:a886724be41fbea80732cf32fced0a02cc8c131f0b41fb231ebe12f2af72499f
  size_bytes: 835892556
generated_at_unix: 1787776568
