case_base_image:
  agent_environment: case-env
  local_tag: ecosyncbench/cases/elastic_elastic_package_kibana_90b51a54dcde/case-base:deps-env
  base_case_image: ecosyncbench/base/go:1.26-bookworm
  dependency_images_referenced_by_task:
  - ecosyncbench/base/go:1.26-bookworm
  - ecosyncbench/base/elastic-node:22.22.0
  - ecosyncbench/base/node:22-bookworm
  release_status: not_published
  release_tag: ghcr.io/code-tmp/wideswe/cases/elastic_elastic_package_kibana_90b51a54dcde/case-base:deps-env
  local_image_id: sha256:945b90564b694848679e1d7689a8820fddd6edb1a0d6b94009614ebc78b016ce
  size_bytes: 2158524950
generated_at_unix: 1787777875
