case_base_image:
  agent_environment: case-env
  local_tag: ecosyncbench/cases/dotnet_roslyn_roslyn_analyzers_58962ed4d289/case-base:deps-env
  base_case_image: ecosyncbench/deps/dotnet-roslyn-analyzers-extension-members:58962ed4d289
  dependency_images_referenced_by_task:
  - ecosyncbench/deps/dotnet-roslyn-analyzers-extension-members:58962ed4d289
  release_status: not_published
  release_tag: ghcr.io/code-tmp/wideswe/cases/dotnet_roslyn_roslyn_analyzers_58962ed4d289/case-base:deps-env
  local_image_id: sha256:04f62966f1fe836e21ad1b765c6b62264ff75eb82c73f29862b95342e15fc1c3
  size_bytes: 2083827105
generated_at_unix: 1787771830
