case_base_image:
  agent_environment: case-env
  local_tag: ecosyncbench/cases/elastic_elasticsearch_kibana_01310974ffe6/case-base:deps-env
  base_case_image: ecosyncbench/base/elastic-java:21
  dependency_images_referenced_by_task:
  - ecosyncbench/base/elastic-java:21
  - ecosyncbench/base/elastic-node:22.22.0
  release_status: not_published
  release_tag: ghcr.io/code-tmp/wideswe/cases/elastic_elasticsearch_kibana_01310974ffe6/case-base:deps-env
  local_image_id: sha256:d421c11c1c0729b9de136e08d2eda90f12d1751683cf143a852a3da9cca84405
  size_bytes: 1246802717
generated_at_unix: 1787782933
