case_base_image:
  agent_environment: case-env
  local_tag: ecosyncbench/cases/nextcloud_calendar_cdav_library_6ef04924e127/case-base:deps-env
  base_case_image: ecosyncbench/deps/nextcloud-php:8.4-apcu-gd-v1
  dependency_images_referenced_by_task:
  - ecosyncbench/base/node:24-bookworm
  - ecosyncbench/deps/nextcloud-php:8.4-apcu-gd-v1
  release_status: not_published
  release_tag: ghcr.io/code-tmp/wideswe/cases/nextcloud_calendar_cdav_library_6ef04924e127/case-base:deps-env
  local_image_id: sha256:1133e0bedbc5d2dc2144d8165620aaed2ccb161e28dccf515f95e85024c3a634
  size_bytes: 1429776600
generated_at_unix: 1787833189
