case_base_image:
  agent_environment: case-env
  local_tag: ecosyncbench/cases/sveltejs_kit_svelte_03c35cb2775b/case-base:deps-env
  base_case_image: ecosyncbench/base/sveltejs-node:24
  dependency_images_referenced_by_task:
  - ecosyncbench/base/sveltejs-node:24
  release_status: not_published
  release_tag: ghcr.io/code-tmp/wideswe/cases/sveltejs_kit_svelte_03c35cb2775b/case-base:deps-env
  local_image_id: sha256:50fe0f1cb30b811f9626604c1b2994c203a8c070c0adc419cbc70efed98d328a
  size_bytes: 1775715076
generated_at_unix: 1787843145
