case_base_image:
  agent_environment: case-env
  local_tag: ecosyncbench/cases/sveltejs_kit_svelte_fc92e67150da/case-base:deps-env
  base_case_image: ecosyncbench/base/sveltejs-node:24
  dependency_images_referenced_by_task:
  - ecosyncbench/base/sveltejs-node:24
  release_status: not_published
  release_tag: ghcr.io/code-tmp/wideswe/cases/sveltejs_kit_svelte_fc92e67150da/case-base:deps-env
  local_image_id: sha256:4b6d530bcdf8035cb19563d806a3ffb66c4d6f3e90a70b69a5727b61240d1aff
  size_bytes: 1775715076
generated_at_unix: 1787845231
