case_base_image:
  agent_environment: case-env
  local_tag: ecosyncbench/cases/rust_lang_cargo_rust_62f897b2ca20/case-base:deps-env
  base_case_image: ecosyncbench/deps/rust-lang-cargo-rust:62f897b2ca20
  dependency_images_referenced_by_task:
  - ecosyncbench/deps/rust-lang-cargo-rust:62f897b2ca20
  release_status: not_published
  release_tag: ghcr.io/code-tmp/wideswe/cases/rust_lang_cargo_rust_62f897b2ca20/case-base:deps-env
  local_image_id: sha256:9c835baff4146e7c8e234def14c5b96e3b142a87d90906d2d54cee96893558ae
  size_bytes: 1661094031
generated_at_unix: 1787839262
