case_base_image:
  agent_environment: case-env
  local_tag: ecosyncbench/cases/elastic_beats_cloud_on_k8s_7807f1ca05af/case-base:deps-env
  base_case_image: ecosyncbench/deps/elastic-go-python:1.26-querylog
  dependency_images_referenced_by_task:
  - ecosyncbench/deps/elastic-go-python:1.26-querylog
  release_status: not_published
  release_tag: ghcr.io/code-tmp/wideswe/cases/elastic_beats_cloud_on_k8s_7807f1ca05af/case-base:deps-env
  local_image_id: sha256:7df638528df5e952df67402ef3e3e392a2862bed1a1a19c89e8c5b4d7341f906
  size_bytes: 865036935
generated_at_unix: 1787772331
