case_base_image:
  agent_environment: case-env
  local_tag: ecosyncbench/cases/elastic_elasticsearch_kibana_c12c4664dad1/case-base:deps-env
  base_case_image: ecosyncbench/base/elastic-java:21
  dependency_images_referenced_by_task:
  - ecosyncbench/base/elastic-java:21
  - ecosyncbench/base/elastic-node:24.14.1
  - ecosyncbench/base/node:24-bookworm
  release_status: not_published
  release_tag: ghcr.io/code-tmp/wideswe/cases/elastic_elasticsearch_kibana_c12c4664dad1/case-base:deps-env
  local_image_id: sha256:c2b3e8c601250c9e721d697336d853aaadc8d8b08674935bcb875b793ba34968
  size_bytes: 1909196447
generated_at_unix: 1787787722
