case_base_image:
  agent_environment: case-env
  local_tag: ecosyncbench/cases/pingcap_tidb_tiflow_d9b136e872c2/case-base:deps-env
  base_case_image: ecosyncbench/base/go-pingcap:1.25.10
  dependency_images_referenced_by_task:
  - ecosyncbench/base/go-pingcap:1.25.10
  release_status: not_published
  release_tag: ghcr.io/code-tmp/wideswe/cases/pingcap_tidb_tiflow_d9b136e872c2/case-base:deps-env
  local_image_id: sha256:8dee1a9a285527dea640030e623c0e927f40bd660eab85ee57647a6c20567e63
  size_bytes: 819779056
generated_at_unix: 1787834912
