case_base_image:
  agent_environment: case-env
  local_tag: ecosyncbench/cases/getsentry_sentry_symbolicator_6ff581b566d2/case-base:deps-env
  base_case_image: ecosyncbench/deps/getsentry-rust195:6ff581b566d2
  dependency_images_referenced_by_task:
  - ecosyncbench/deps/getsentry-rust195:6ff581b566d2
  - ecosyncbench/deps/getsentry-sentry-py313:506f7e5653e8
  release_status: not_published
  release_tag: ghcr.io/code-tmp/wideswe/cases/getsentry_sentry_symbolicator_6ff581b566d2/case-base:deps-env
  local_image_id: sha256:d271adc99c72f37d5af40881f654f8e8da8f9fa99b112fcbff27b52ebb4d5fc4
  size_bytes: 2514333212
generated_at_unix: 1787812817
