case_base_image:
  agent_environment: case-env
  local_tag: ecosyncbench/cases/elastic_elastic_transport_js_elasticsearch_js_b5a8200a9250/case-base:deps-env
  base_case_image: ecosyncbench/base/node:22-bookworm
  dependency_images_referenced_by_task:
  - ecosyncbench/base/node:22-bookworm
  release_status: not_published
  release_tag: ghcr.io/code-tmp/wideswe/cases/elastic_elastic_transport_js_elasticsearch_js_b5a8200a9250/case-base:deps-env
  local_image_id: sha256:008a64c018f3e0f0b93bc4d351928606f01d25f1bdf43dfae859ef7810309c05
  size_bytes: 1733359329
generated_at_unix: 1787778822
