case_base_image:
  agent_environment: case-env
  local_tag: ecosyncbench/cases/elastic_package_registry_package_spec_13d610054b4c/case-base:deps-env
  base_case_image: ecosyncbench/base/go:1.26-bookworm
  dependency_images_referenced_by_task:
  - ecosyncbench/base/go:1.26-bookworm
  release_status: not_published
  release_tag: ghcr.io/code-tmp/wideswe/cases/elastic_package_registry_package_spec_13d610054b4c/case-base:deps-env
  local_image_id: sha256:092d536ef50e6358ac7944ba354e40afd5693217b5fef0d51fbfd0423823b3e6
  size_bytes: 835892844
generated_at_unix: 1787798047
