case_base_image:
  agent_environment: case-env
  local_tag: ecosyncbench/cases/getsentry_sentry_javascript_bundler_plugins_sentry_react_native_701fa84fe330/case-base:deps-env
  base_case_image: ecosyncbench/base/node:22-bookworm
  dependency_images_referenced_by_task:
  - ecosyncbench/base/node:22-bookworm
  - ecosyncbench/base/node:18-bookworm-slim
  release_status: not_published
  release_tag: ghcr.io/code-tmp/wideswe/cases/getsentry_sentry_javascript_bundler_plugins_sentry_react_native_701fa84fe330/case-base:deps-env
  local_image_id: sha256:83512d4f7008072ff540f0fc9e280a820bffbcd55896cc74cf6094e9d958e4a0
  size_bytes: 2328086524
generated_at_unix: 1787807957
