case_base_image:
  agent_environment: case-env
  local_tag: ecosyncbench/cases/grpc_grpc_go_grpc_java_timeout_interop_0d0b76e12c8e_a17d5a29df9d/case-base:deps-env
  base_case_image: ecosyncbench/base/go:1.26-bookworm
  dependency_images_referenced_by_task:
  - ecosyncbench/base/go:1.26-bookworm
  - ecosyncbench/base/java-maven:21-ubuntu
  release_status: not_published
  release_tag: ghcr.io/code-tmp/wideswe/cases/grpc_grpc_go_grpc_java_timeout_interop_0d0b76e12c8e_a17d5a29df9d/case-base:deps-env
  local_image_id: sha256:d8ddda622f007f5ed0bdc240d5191c7ed35bc4242a901c54c6b11b95ae3caae2
  size_bytes: 1403560797
generated_at_unix: 1787814186
note: Merged gRPC timeout interop case-base built and repo-test verified for grpc-go
  and grpc-java visible test routing.
case_env_verification:
  status: all_pass
  verified_at: '2026-07-28T15:26:48.244884+00:00'
  summary: /tmp/ecosyncbench-release120-runtime/cache/legacy/case_env_repo_test_verification/grpc_timeout_interop_merge/summary.json
  profiles:
  - repo: grpc-go
    profile: grpc_go-hidden
    public_command: go test -json ./internal/transport
    status: passed
  - repo: grpc-java
    profile: grpc_java-hidden
    public_command: ./gradlew :grpc-core:test selected tests
    status: passed
