case_base_image:
  agent_environment: case-env
  local_tag: ecosyncbench/cases/getsentry_sentry_php_sentry_symfony_cc627a7c9b0b/case-base:deps-env
  base_case_image: ecosyncbench/deps/getsentry-php-runtime:cc627a7c9b0b
  dependency_images_referenced_by_task:
  - ecosyncbench/deps/getsentry-php-runtime:cc627a7c9b0b
  release_status: not_published
  release_tag: ghcr.io/code-tmp/wideswe/cases/getsentry_sentry_php_sentry_symfony_cc627a7c9b0b/case-base:deps-env
  local_image_id: sha256:a36ba7866bc4a767537d6703eca9a73283b1fb1723074745367de62ad30d9057
  size_bytes: 790526814
generated_at_unix: 1787809750
