case_base_image:
  agent_environment: case-env
  local_tag: ecosyncbench/cases/ansible_awx_django_ansible_base_320b37c9fd51/case-base:deps-env
  base_case_image: ecosyncbench/deps/ansible-awx-dab:320b37c9fd51-py311
  dependency_images_referenced_by_task:
  - ecosyncbench/deps/ansible-awx-dab:320b37c9fd51-py311
  release_status: not_published
  release_tag: ghcr.io/code-tmp/wideswe/cases/ansible_awx_django_ansible_base_320b37c9fd51/case-base:deps-env
  local_image_id: sha256:1d63754f3e26fdabac52a05e5f2501f731d8017fe46118e181414af33d93e55e
  size_bytes: 1155505831
generated_at_unix: 1787767084
