case_base_image:
  agent_environment: case-env
  local_tag: ecosyncbench/cases/rails_jbuilder_rails_c55c6f409dc4/case-base:deps-env
  base_case_image: ecosyncbench/base/rails-ruby:3.4-bookworm
  dependency_images_referenced_by_task:
  - ecosyncbench/base/rails-ruby:3.4-bookworm
  release_status: not_published
  release_tag: ghcr.io/code-tmp/wideswe/cases/rails_jbuilder_rails_c55c6f409dc4/case-base:deps-env
  local_image_id: sha256:5e5a69e6486e07fa82f40dc364e52804c366eeca314e9e49c838529462e75572
  size_bytes: 1170687518
generated_at_unix: 1787838063
