case_base_image:
  agent_environment: case-env
  local_tag: ecosyncbench/cases/nuxt_bridge_nuxt_beb978b83d6c/case-base:deps-env
  base_case_image: ecosyncbench/base/node:22-bookworm
  dependency_images_referenced_by_task:
  - ecosyncbench/base/node:22-bookworm
  release_status: not_published
  release_tag: ghcr.io/code-tmp/wideswe/cases/nuxt_bridge_nuxt_beb978b83d6c/case-base:deps-env
  local_image_id: sha256:8f3e87ae060fd9b7b91842649a9c99f173b79598e61694f6c04e425af45302d4
  size_bytes: 1733359604
generated_at_unix: 1787834049
