case_base_image:
  agent_environment: case-env
  local_tag: ecosyncbench/cases/rails_bootsnap_rails_faef8fbe7ee8/case-base:deps-env
  base_case_image: ecosyncbench/base/rails-ruby:3.4-bookworm
  dependency_images_referenced_by_task:
  - ecosyncbench/base/rails-ruby:3.4-bookworm
  release_status: not_published
  release_tag: ghcr.io/code-tmp/wideswe/cases/rails_bootsnap_rails_faef8fbe7ee8/case-base:deps-env
  local_image_id: sha256:28d86407d54b4c4d5b2d2f8ab9aa2e8feb4c8db88e9b719ca0b04a54f1c4f209
  size_bytes: 1170687518
generated_at_unix: 1787837915
