case_base_image:
  agent_environment: case-env
  local_tag: ecosyncbench/cases/elastic_elasticsearch_kibana_be46d888e49f/case-base:deps-env
  base_case_image: ecosyncbench/base/elastic-java:21
  dependency_images_referenced_by_task:
  - ecosyncbench/base/elastic-java:21
  - ecosyncbench/base/elastic-node:22.16.0
  release_status: not_published
  release_tag: ghcr.io/code-tmp/wideswe/cases/elastic_elasticsearch_kibana_be46d888e49f/case-base:deps-env
  local_image_id: sha256:bf0fd8a33e970aa16bf1f899b3e076b9ee12347fc8706dd13a681d8a8349ef44
  size_bytes: 1243174378
generated_at_unix: 1787785176
