case_base_image:
  agent_environment: case-env
  local_tag: ecosyncbench/cases/docker_actions_toolkit_bake_action_build_push_action_b58918c90001/case-base:deps-env
  base_case_image: ecosyncbench/base/node:22-bookworm
  dependency_images_referenced_by_task:
  - ecosyncbench/base/node:22-bookworm
  release_status: not_published
  release_tag: ghcr.io/code-tmp/wideswe/cases/docker_actions_toolkit_bake_action_build_push_action_b58918c90001/case-base:deps-env
  local_image_id: sha256:5f54e5ffc4e8890b3c2f1606329721e532a52cc40750c8296c0edbe44b443774
  size_bytes: 1733356418
generated_at_unix: 1787769287
