case_base_image:
  agent_environment: case-env
  local_tag: ecosyncbench/cases/symfony_monolog_bundle_symfony_1328369316db/case-base:deps-env
  base_case_image: ecosyncbench/deps/symfony-monolog-bundle-composer:c64ef750c811
  dependency_images_referenced_by_task:
  - ecosyncbench/deps/symfony-monolog-bundle-composer:c64ef750c811
  - ecosyncbench/deps/symfony-framework-composer:c87fabb54f64
  - ecosyncbench/base/php-composer:8.4
  release_status: not_published
  release_tag: ghcr.io/code-tmp/wideswe/cases/symfony_monolog_bundle_symfony_1328369316db/case-base:deps-env
  local_image_id: sha256:b0faca67c0c872a406d320d8608d1e9f25f208e29ec468084113a3de249d2b2d
  size_bytes: 1109616700
generated_at_unix: 1787845904
