case_base_image:
  agent_environment: case-env
  local_tag: ecosyncbench/cases/electron_forge_update_electronjs_org_c9bbbeec3c9f/case-base:deps-env
  base_case_image: ecosyncbench/deps/electron-yarn-node24:c9bbbeec3c9f
  dependency_images_referenced_by_task:
  - ecosyncbench/deps/electron-yarn-node24:c9bbbeec3c9f
  release_status: not_published
  release_tag: ghcr.io/code-tmp/wideswe/cases/electron_forge_update_electronjs_org_c9bbbeec3c9f/case-base:deps-env
  local_image_id: sha256:b88e3dec094c188ebcd76d148c3f4791331fe84fb196d09920ddb6951ad16d00
  size_bytes: 1742738879
generated_at_unix: 1787798275
