case_base_image:
  agent_environment: case-env
  local_tag: ecosyncbench/cases/kubernetes_cloud_provider_aws_kops_b75c3552e425/case-base:deps-env
  base_case_image: ecosyncbench/base/go:1.26-bookworm
  dependency_images_referenced_by_task:
  - ecosyncbench/base/go:1.26-bookworm
  release_status: not_published
  release_tag: ghcr.io/code-tmp/wideswe/cases/kubernetes_cloud_provider_aws_kops_b75c3552e425/case-base:deps-env
  local_image_id: sha256:d3e25fb3c7558a21caf18f4f65dc61746e5a864a10bc693980ef77ada8097bba
  size_bytes: 835892901
generated_at_unix: 1787824968
