case_base_image:
  agent_environment: case-env
  local_tag: ecosyncbench/cases/symfony_php_ext_deepclone_polyfill_symfony_668e3f27dd09/case-base:deps-env
  base_case_image: ecosyncbench/base/php-composer-bcmath:8.4.23
  dependency_images_referenced_by_task:
  - ecosyncbench/base/php-composer-bcmath:8.4.23
  release_status: not_published
  release_tag: ghcr.io/code-tmp/wideswe/cases/symfony_php_ext_deepclone_polyfill_symfony_668e3f27dd09/case-base:deps-env
  local_image_id: sha256:31980f224420e05b0fcc43912740686fca9c7acdfbba929c479e8df6956c0aa1
  size_bytes: 675447533
generated_at_unix: 1787846818
