case_base_image:
  agent_environment: case-env
  local_tag: ecosyncbench/cases/home_assistant_core_supervisor_7012a8e9bde2/case-base:deps-env
  base_case_image: ecosyncbench/deps/home-assistant-core-py:beaea2d99806
  dependency_images_referenced_by_task:
  - ecosyncbench/deps/home-assistant-core-py:beaea2d99806
  - ecosyncbench/deps/home-assistant-supervisor-py:7012a8e9bde2
  release_status: not_published
  release_tag: ghcr.io/code-tmp/wideswe/cases/home_assistant_core_supervisor_7012a8e9bde2/case-base:deps-env
  local_image_id: sha256:c293be83765b8b1281194a90d8f3dc1df577304adfeff0266addaa7633754bd8
  size_bytes: 1032711470
generated_at_unix: 1787815273
