case_base_image:
  agent_environment: case-env
  local_tag: ecosyncbench/cases/projectdiscovery_nuclei_utils_aa8fcd73e5a8/case-base:deps-env
  base_case_image: ecosyncbench/base/go:1.26-bookworm
  dependency_images_referenced_by_task:
  - ecosyncbench/base/go:1.26-bookworm
  release_status: not_published
  release_tag: ghcr.io/code-tmp/wideswe/cases/projectdiscovery_nuclei_utils_aa8fcd73e5a8/case-base:deps-env
  local_image_id: sha256:c45f10a9a540a3eb826ae8216b23f6909720852fa77baaad048c5f983aa14201
  size_bytes: 835892903
generated_at_unix: 1787836665
