case_base_image:
  agent_environment: case-env
  local_tag: ecosyncbench/cases/storybookjs_mcp_storybook_365af0fa39df/case-base:deps-env
  base_case_image: mcr.microsoft.com/playwright:v1.56.1-noble
  dependency_images_referenced_by_task:
  - mcr.microsoft.com/playwright:v1.56.1-noble
  release_status: not_published
  release_tag: ghcr.io/code-tmp/wideswe/cases/storybookjs_mcp_storybook_365af0fa39df/case-base:deps-env
  local_image_id: sha256:aee74273aed145e2dda932bf33811e48f73fc6d27238210ac4fc0275b4700aa2
  size_bytes: 2686516278
generated_at_unix: 1787841013
