case_base_image:
  agent_environment: case-env
  local_tag: ecosyncbench/cases/laravel_boost_roster_ddab846862bf/case-base:deps-env
  base_case_image: ecosyncbench/base/php-composer:8.4
  dependency_images_referenced_by_task:
  - ecosyncbench/base/php-composer:8.4
  release_status: not_published
  release_tag: ghcr.io/code-tmp/wideswe/cases/laravel_boost_roster_ddab846862bf/case-base:deps-env
  local_image_id: sha256:d1989fb2f08e0cb72a2709cfaec6e06d499a4dba00c7141cb2d8981d45f8dc64
  size_bytes: 674059501
generated_at_unix: 1787826298
