case_base_image:
  agent_environment: case-env
  local_tag: ecosyncbench/cases/getsentry_cli_sentry_mcp_ac2dda831cbe/case-base:deps-env
  base_case_image: ecosyncbench/deps/getsentry-cli-pnpm:e7dd817-ac2dda831cbe
  dependency_images_referenced_by_task:
  - ecosyncbench/deps/getsentry-cli-pnpm:e7dd817-ac2dda831cbe
  - ecosyncbench/deps/getsentry-sentry-mcp-pnpm:87ca551-ac2dda831cbe
  release_status: not_published
  release_tag: ghcr.io/code-tmp/wideswe/cases/getsentry_cli_sentry_mcp_ac2dda831cbe/case-base:deps-env
  local_image_id: sha256:0c4da3823d82d43c75a001f22f598a1e7b3852a5008dfd947a7d64cefb73cf3a
  size_bytes: 4039360013
generated_at_unix: 1787801085
