case_base_image:
  agent_environment: case-env
  local_tag: ecosyncbench/cases/getsentry_relay_sentry_c32abe62a9e3/case-base:deps-env
  base_case_image: ecosyncbench/deps/getsentry-relay-rust-py:5947
  dependency_images_referenced_by_task:
  - ecosyncbench/deps/getsentry-relay-rust-py:5947
  - ecosyncbench/deps/getsentry-sentry-py313:506f7e5653e8
  - ecosyncbench/base/getsentry-rust-py314-cmake:20260630
  - ecosyncbench/base/python:3.13-uv
  - ecosyncbench/base/python:3.13-slim
  release_status: not_published
  release_tag: ghcr.io/code-tmp/wideswe/cases/getsentry_relay_sentry_c32abe62a9e3/case-base:deps-env
  local_image_id: sha256:2f8d03980726cf25841dc554b7af5579dddf99b2d13f45c91fc7b47a40d5b015
  size_bytes: 3594854068
generated_at_unix: 1787803541
