case_base_image:
  agent_environment: case-env
  local_tag: ecosyncbench/cases/getsentry_sentry_python_sentry_ruby_102dddf76ba8/case-base:deps-env
  base_case_image: ecosyncbench/deps/getsentry-sentry-python-py310:102dddf76ba8
  dependency_images_referenced_by_task:
  - ecosyncbench/deps/getsentry-sentry-python-py310:102dddf76ba8
  - ecosyncbench/deps/getsentry-sentry-ruby:102dddf76ba8
  release_status: not_published
  release_tag: ghcr.io/code-tmp/wideswe/cases/getsentry_sentry_python_sentry_ruby_102dddf76ba8/case-base:deps-env
  local_image_id: sha256:2d75b8073f3ad40acda52c441b830692fa9402d0674cc44a979e10a728783c82
  size_bytes: 1179361712
generated_at_unix: 1787810005
