case_base_image:
  agent_environment: case-env
  local_tag: ecosyncbench/cases/storybookjs_mcp_storybook_ef32abdd2d6c/case-base:deps-env
  base_case_image: ecosyncbench/base/node-storybook:22
  dependency_images_referenced_by_task:
  - ecosyncbench/base/node-storybook:22
  release_status: not_published
  release_tag: ghcr.io/code-tmp/wideswe/cases/storybookjs_mcp_storybook_ef32abdd2d6c/case-base:deps-env
  local_image_id: sha256:2349299f5e9df2d28541b9ace03976d167e2f3a8af223647a7975690b21033e4
  size_bytes: 1733359636
generated_at_unix: 1787841747
