case_base_image:
  agent_environment: case-env
  local_tag: ecosyncbench/cases/laravel_framework_mcp_f64214638c02/case-base:deps-env
  base_case_image: ecosyncbench/base/php-composer:8.4
  dependency_images_referenced_by_task:
  - ecosyncbench/base/php-composer:8.4
  release_status: not_published
  release_tag: ghcr.io/code-tmp/wideswe/cases/laravel_framework_mcp_f64214638c02/case-base:deps-env
  local_image_id: sha256:d2288871ecd7add0be592821fd5caf2a538b28194b8a66399f6eb6c3201ee940
  size_bytes: 674059503
generated_at_unix: 1787826441
