case_base_image:
  agent_environment: case-env
  local_tag: ecosyncbench/cases/rails_propshaft_rails_5702428fb26b/case-base:deps-env
  base_case_image: ecosyncbench/deps/rails-propshaft-ruby:5702428fb26b
  dependency_images_referenced_by_task:
  - ecosyncbench/deps/rails-propshaft-ruby:5702428fb26b
  release_status: not_published
  release_tag: ghcr.io/code-tmp/wideswe/cases/rails_propshaft_rails_5702428fb26b/case-base:deps-env
  local_image_id: sha256:a215704087fedcf4b4fe3803f6a9be5ec5b91f241468588743ac20dd0fc96bc0
  size_bytes: 1170687520
generated_at_unix: 1787838177
