case_base_image:
  agent_environment: case-env
  local_tag: ecosyncbench/cases/getsentry_sentry_sentry_cli_45620f037290/case-base:deps-env
  base_case_image: ecosyncbench/deps/getsentry-sentry-py313:45620f037290
  dependency_images_referenced_by_task:
  - ecosyncbench/deps/getsentry-sentry-py313:45620f037290
  - ecosyncbench/deps/getsentry-sentry-cli-rust195:45620f037290
  release_status: not_published
  release_tag: ghcr.io/code-tmp/wideswe/cases/getsentry_sentry_sentry_cli_45620f037290/case-base:deps-env
  local_image_id: sha256:945c0148032547ac45f43d0b71ed00a69051318ba084ea8053765615f066353c
  size_bytes: 1728599411
generated_at_unix: 1787811210
