case_base_image:
  agent_environment: case-env
  local_tag: ecosyncbench/cases/symfony_php_ext_deepclone_polyfill_9b724e5f918d/case-base:deps-env
  base_case_image: ecosyncbench/base/php-composer-bcmath:8.4
  dependency_images_referenced_by_task:
  - ecosyncbench/base/php-composer-bcmath:8.4
  release_status: not_published
  release_tag: ghcr.io/code-tmp/wideswe/cases/symfony_php_ext_deepclone_polyfill_9b724e5f918d/case-base:deps-env
  local_image_id: sha256:717c67d81f3adcca009da691f79e6df4fe11e9de5a8fcbf9835fa5b90b2b526e
  size_bytes: 674136218
generated_at_unix: 1787846251
