case_base_image:
  agent_environment: case-env
  local_tag: ecosyncbench/cases/ipfs_boxo_helia_7da5d4601ae4/case-base:deps-env
  base_case_image: ecosyncbench/deps/ipfs-boxo-go:7da5d4601ae4
  dependency_images_referenced_by_task:
  - ecosyncbench/deps/ipfs-boxo-go:7da5d4601ae4
  - ecosyncbench/base/node:22-bookworm
  - ecosyncbench/base/go:1.26-bookworm
  release_status: not_published
  release_tag: ghcr.io/code-tmp/wideswe/cases/ipfs_boxo_helia_7da5d4601ae4/case-base:deps-env
  local_image_id: sha256:17f0e8500b1f5f083b88ac2d2bb90ed3ffe39a1f24bf53d16232ecc5c4f9ce4d
  size_bytes: 2158080299
generated_at_unix: 1787819475
