case_base_image:
  agent_environment: case-env
  local_tag: ecosyncbench/cases/ansible_metrics_service_metrics_utility_ad5f5516dca0/case-base:deps-env
  base_case_image: ecosyncbench/base/ansible-django-py:3.12
  dependency_images_referenced_by_task:
  - ecosyncbench/base/ansible-django-py:3.12
  release_status: not_published
  release_tag: ghcr.io/code-tmp/wideswe/cases/ansible_metrics_service_metrics_utility_ad5f5516dca0/case-base:deps-env
  local_image_id: sha256:33a3a9f3928e9d73e32470901a5cfec1ff1a0662e0dd1603cee5b69b39c322f1
  size_bytes: 1547280564
generated_at_unix: 1787767591
