case_base_image:
  agent_environment: case-env
  local_tag: ecosyncbench/cases/nodejs_node_undici_d2a368f889d6/case-base:deps-env
  base_case_image: ecosyncbench/deps/nodejs-node-undici:d2a368f889d6
  dependency_images_referenced_by_task:
  - ecosyncbench/deps/nodejs-node-undici:d2a368f889d6
  release_status: not_published
  release_tag: ghcr.io/code-tmp/wideswe/cases/nodejs_node_undici_d2a368f889d6/case-base:deps-env
  local_image_id: sha256:221d13bb52bc6b3d119de1f201dbc5263924374b031ae1f631ed6dffe9b0197c
  size_bytes: 1529583760
generated_at_unix: 1787833015
