case_base_image:
  agent_environment: case-env
  local_tag: ecosyncbench/cases/flutter_flutter_packages_ba4543157c48/case-base:deps-env
  base_case_image: ecosyncbench/deps/flutter-web:a9d88b259153
  dependency_images_referenced_by_task:
  - ecosyncbench/deps/flutter-web:a9d88b259153
  release_status: not_published
  release_tag: ghcr.io/code-tmp/wideswe/cases/flutter_flutter_packages_ba4543157c48/case-base:deps-env
  local_image_id: sha256:06069bff1f915feaa612ecda9bebedcf28d77afdcdbfc80e35e383b42b535cf0
  size_bytes: 1004824971
generated_at_unix: 1787800421
