case_base_image:
  agent_environment: case-env
  local_tag: ecosyncbench/cases/dotnet_android_java_interop_8f49f22b1612/case-base:deps-env
  base_case_image: ecosyncbench/deps/dotnet-android-java-interop:8f49f22b1612
  dependency_images_referenced_by_task:
  - ecosyncbench/deps/dotnet-android-java-interop:8f49f22b1612
  release_status: not_published
  release_tag: ghcr.io/code-tmp/wideswe/cases/dotnet_android_java_interop_8f49f22b1612/case-base:deps-env
  local_image_id: sha256:c9930062a03acf18037dc95b8d45af66586ece3be781127d039306af84f4146d
  size_bytes: 1501080375
generated_at_unix: 1787770568
