case_base_image:
  agent_environment: case-env
  local_tag: ecosyncbench/cases/swagger_api_swagger_js_swagger_ui_f6dabca1247a/case-base:deps-env
  base_case_image: ecosyncbench/deps/swagger-js-npm:5a4f9a3-f6dabca1247a
  dependency_images_referenced_by_task:
  - ecosyncbench/deps/swagger-js-npm:5a4f9a3-f6dabca1247a
  - ecosyncbench/deps/swagger-ui-cypress-npm:f63d850-f6dabca1247a
  release_status: not_published
  release_tag: ghcr.io/code-tmp/wideswe/cases/swagger_api_swagger_js_swagger_ui_f6dabca1247a/case-base:deps-env
  local_image_id: sha256:7111b9e9a250ffa127a2c8862ca8c226a94c9bf62f2383e3cfdfc49112b38916
  size_bytes: 3605069969
generated_at_unix: 1787845764
