case_base_image:
  agent_environment: case-env
  local_tag: ecosyncbench/cases/expo_eas_cli_expo_0a2ebfcb0221/case-base:deps-env
  base_case_image: ecosyncbench/base/node-expo:22
  dependency_images_referenced_by_task:
  - ecosyncbench/base/node-expo:22
  release_status: not_published
  release_tag: ghcr.io/code-tmp/wideswe/cases/expo_eas_cli_expo_0a2ebfcb0221/case-base:deps-env
  local_image_id: sha256:1666ec48039d3a47b035697146abf67046330b07507ae4be4a285679b6dd17f9
  size_bytes: 1733359549
generated_at_unix: 1787798762
