case_base_image:
  agent_environment: case-env
  local_tag: ecosyncbench/cases/huggingface_hf_csi_driver_hf_mount_c1fa2eab143e/case-base:deps-env
  base_case_image: ecosyncbench/base/go:1.26-bookworm
  dependency_images_referenced_by_task:
  - ecosyncbench/base/go:1.26-bookworm
  - ecosyncbench/base/rust:1.89-bookworm
  release_status: not_published
  release_tag: ghcr.io/code-tmp/wideswe/cases/huggingface_hf_csi_driver_hf_mount_c1fa2eab143e/case-base:deps-env
  local_image_id: sha256:623e75b912f2af81b390c234a8c567e234983fb057e90ffa38ebcc55ecc532c3
  size_bytes: 1461784803
generated_at_unix: 1787816148
